// !$*UTF8*$!
{
	archiveVersion = 1;
	classes = {
	};
	objectVersion = 50;
	objects = {

/* Begin PBXBuildFile section */
		E295801125E3C78500D464A2 /* AppDelegate.swift in Sources */ = {isa = PBXBuildFile; fileRef = E295801025E3C78500D464A2 /* AppDelegate.swift */; };
		E295801525E3C78500D464A2 /* PsychologistViewController.swift in Sources */ = {isa = PBXBuildFile; fileRef = E295801425E3C78500D464A2 /* PsychologistViewController.swift */; };
		E295801825E3C78500D464A2 /* Main.storyboard in Resources */ = {isa = PBXBuildFile; fileRef = E295801625E3C78500D464A2 /* Main.storyboard */; };
		E295801A25E3C78700D464A2 /* Assets.xcassets in Resources */ = {isa = PBXBuildFile; fileRef = E295801925E3C78700D464A2 /* Assets.xcassets */; };
		E295801D25E3C78700D464A2 /* LaunchScreen.storyboard in Resources */ = {isa = PBXBuildFile; fileRef = E295801B25E3C78700D464A2 /* LaunchScreen.storyboard */; };
		E295802625E3D39500D464A2 /* Faceview.swift in Sources */ = {isa = PBXBuildFile; fileRef = E295802425E3D39400D464A2 /* Faceview.swift */; };
		E295802725E3D39500D464A2 /* HappinessViewController.swift in Sources */ = {isa = PBXBuildFile; fileRef = E295802525E3D39400D464A2 /* HappinessViewController.swift */; };
		E295802925E4260500D464A2 /* TextViewController.swift in Sources */ = {isa = PBXBuildFile; fileRef = E295802825E4260500D464A2 /* TextViewController.swift */; };
		E295802B25E430F800D464A2 /* DiagnosedHappinessViewController.swift in Sources */ = {isa = PBXBuildFile; fileRef = E295802A25E430F800D464A2 /* DiagnosedHappinessViewController.swift */; };
/* End PBXBuildFile section */

/* Begin PBXFileReference section */
		E295800D25E3C78500D464A2 /* Psychologist.app */ = {isa = PBXFileReference; explicitFileType = wrapper.application; includeInIndex = 0; path = Psychologist.app; sourceTree = BUILT_PRODUCTS_DIR; };
		E295801025E3C78500D464A2 /* AppDelegate.swift */ = {isa = PBXFileReference; lastKnownFileType = sourcecode.swift; path = AppDelegate.swift; sourceTree = "<group>"; };
		E295801425E3C78500D464A2 /* PsychologistViewController.swift */ = {isa = PBXFileReference; lastKnownFileType = sourcecode.swift; path = PsychologistViewController.swift; sourceTree = "<group>"; };
		E295801725E3C78500D464A2 /* Base */ = {isa = PBXFileReference; lastKnownFileType = file.storyboard; name = Base; path = Base.lproj/Main.storyboard; sourceTree = "<group>"; };
		E295801925E3C78700D464A2 /* Assets.xcassets */ = {isa = PBXFileReference; lastKnownFileType = folder.assetcatalog; path = Assets.xcassets; sourceTree = "<group>"; };
		E295801C25E3C78700D464A2 /* Base */ = {isa = PBXFileReference; lastKnownFileType = file.storyboard; name = Base; path = Base.lproj/LaunchScreen.storyboard; sourceTree = "<group>"; };
		E295801E25E3C78700D464A2 /* Info.plist */ = {isa = PBXFileReference; lastKnownFileType = text.plist.xml; path = Info.plist; sourceTree = "<group>"; };
		E295802425E3D39400D464A2 /* Faceview.swift */ = {isa = PBXFileReference; fileEncoding = 4; lastKnownFileType = sourcecode.swift; path = Faceview.swift; sourceTree = "<group>"; };
		E295802525E3D39400D464A2 /* HappinessViewController.swift */ = {isa = PBXFileReference; fileEncoding = 4; lastKnownFileType = sourcecode.swift; path = HappinessViewController.swift; sourceTree = "<group>"; };
		E295802825E4260500D464A2 /* TextViewController.swift */ = {isa = PBXFileReference; lastKnownFileType = sourcecode.swift; path = TextViewController.swift; sourceTree = "<group>"; };
		E295802A25E430F800D464A2 /* DiagnosedHappinessViewController.swift */ = {isa = PBXFileReference; lastKnownFileType = sourcecode.swift; path = DiagnosedHappinessViewController.swift; sourceTree = "<group>"; };
/* End PBXFileReference section */

/* Begin PBXFrameworksBuildPhase section */
		E295800A25E3C78500D464A2 /* Frameworks */ = {
			isa = PBXFrameworksBuildPhase;
			buildActionMask = 2147483647;
			files = (
			);
			runOnlyForDeploymentPostprocessing = 0;
		};
/* End PBXFrameworksBuildPhase section */

/* Begin PBXGroup section */
		E295800425E3C78500D464A2 = {
			isa = PBXGroup;
			children = (
				E295800F25E3C78500D464A2 /* Psychologist */,
				E295800E25E3C78500D464A2 /* Products */,
			);
			sourceTree = "<group>";
		};
		E295800E25E3C78500D464A2 /* Products */ = {
			isa = PBXGroup;
			children = (
				E295800D25E3C78500D464A2 /* Psychologist.app */,
			);
			name = Products;
			sourceTree = "<group>";
		};
		E295800F25E3C78500D464A2 /* Psychologist */ = {
			isa = PBXGroup;
			children = (
				E295802425E3D39400D464A2 /* Faceview.swift */,
				E295802525E3D39400D464A2 /* HappinessViewController.swift */,
				E295801025E3C78500D464A2 /* AppDelegate.swift */,
				E295801425E3C78500D464A2 /* PsychologistViewController.swift */,
				E295801625E3C78500D464A2 /* Main.storyboard */,
				E295802A25E430F800D464A2 /* DiagnosedHappinessViewController.swift */,
				E295802825E4260500D464A2 /* TextViewController.swift */,
				E295801925E3C78700D464A2 /* Assets.xcassets */,
				E295801B25E3C78700D464A2 /* LaunchScreen.storyboard */,
				E295801E25E3C78700D464A2 /* Info.plist */,
			);
			path = Psychologist;
			sourceTree = "<group>";
		};
/* End PBXGroup section */

/* Begin PBXNativeTarget section */
		E295800C25E3C78500D464A2 /* Psychologist */ = {
			isa = PBXNativeTarget;
			buildConfigurationList = E295802125E3C78700D464A2 /* Build configuration list for PBXNativeTarget "Psychologist" */;
			buildPhases = (
				E295800925E3C78500D464A2 /* Sources */,
				E295800A25E3C78500D464A2 /* Frameworks */,
				E295800B25E3C78500D464A2 /* Resources */,
			);
			buildRules = (
			);
			dependencies = (
			);
			name = Psychologist;
			productName = Psychologist;
			productReference = E295800D25E3C78500D464A2 /* Psychologist.app */;
			productType = "com.apple.product-type.application";
		};
/* End PBXNativeTarget section */

/* Begin PBXProject section */
		E295800525E3C78500D464A2 /* Project object */ = {
			isa = PBXProject;
			attributes = {
				LastSwiftUpdateCheck = 1170;
				LastUpgradeCheck = 1170;
				ORGANIZATIONNAME = robot;
				TargetAttributes = {
					E295800C25E3C78500D464A2 = {
						CreatedOnToolsVersion = 11.7;
					};
				};
			};
			buildConfigurationList = E295800825E3C78500D464A2 /* Build configuration list for PBXProject "Psychologist" */;
			compatibilityVersion = "Xcode 9.3";
			developmentRegion = en;
			hasScannedForEncodings = 0;
			knownRegions = (
				en,
				Base,
			);
			mainGroup = E295800425E3C78500D464A2;
			productRefGroup = E295800E25E3C78500D464A2 /* Products */;
			projectDirPath = "";
			projectRoot = "";
			targets = (
				E295800C25E3C78500D464A2 /* Psychologist */,
			);
		};
/* End PBXProject section */

/* Begin PBXResourcesBuildPhase section */
		E295800B25E3C78500D464A2 /* Resources */ = {
			isa = PBXResourcesBuildPhase;
			buildActionMask = 2147483647;
			files = (
				E295801D25E3C78700D464A2 /* LaunchScreen.storyboard in Resources */,
				E295801A25E3C78700D464A2 /* Assets.xcassets in Resources */,
				E295801825E3C78500D464A2 /* Main.storyboard in Resources */,
			);
			runOnlyForDeploymentPostprocessing = 0;
		};
/* End PBXResourcesBuildPhase section */

/* Begin PBXSourcesBuildPhase section */
		E295800925E3C78500D464A2 /* Sources */ = {
			isa = PBXSourcesBuildPhase;
			buildActionMask = 2147483647;
			files = (
				E295802925E4260500D464A2 /* TextViewController.swift in Sources */,
				E295801525E3C78500D464A2 /* PsychologistViewController.swift in Sources */,
				E295802625E3D39500D464A2 /* Faceview.swift in Sources */,
				E295802B25E430F800D464A2 /* DiagnosedHappinessViewController.swift in Sources */,
				E295802725E3D39500D464A2 /* HappinessViewController.swift in Sources */,
				E295801125E3C78500D464A2 /* AppDelegate.swift in Sources */,
			);
			runOnlyForDeploymentPostprocessing = 0;
		};
/* End PBXSourcesBuildPhase section */

/* Begin PBXVariantGroup section */
		E295801625E3C78500D464A2 /* Main.storyboard */ = {
			isa = PBXVariantGroup;
			children = (
				E295801725E3C78500D464A2 /* Base */,
			);
			name = Main.storyboard;
			sourceTree = "<group>";
		};
		E295801B25E3C78700D464A2 /* LaunchScreen.storyboard */ = {
			isa = PBXVariantGroup;
			children = (
				E295801C25E3C78700D464A2 /* Base */,
			);
			name = LaunchScreen.storyboard;
			sourceTree = "<group>";
		};
/* End PBXVariantGroup section */

/* Begin XCBuildConfiguration section */
		E295801F25E3C78700D464A2 /* Debug */ = {
			isa = XCBuildConfiguration;
			buildSettings = {
				ALWAYS_SEARCH_USER_PATHS = NO;
				CLANG_ANALYZER_NONNULL = YES;
				CLANG_ANALYZER_NUMBER_OBJECT_CONVERSION = YES_AGGRESSIVE;
				CLANG_CXX_LANGUAGE_STANDARD = "gnu++14";
				CLANG_CXX_LIBRARY = "libc++";
				CLANG_ENABLE_MODULES = YES;
				CLANG_ENABLE_OBJC_ARC = YES;
				CLANG_ENABLE_OBJC_WEAK = YES;
				CLANG_WARN_BLOCK_CAPTURE_AUTORELEASING = YES;
				CLANG_WARN_BOOL_CONVERSION = YES;
				CLANG_WARN_COMMA = YES;
				CLANG_WARN_CONSTANT_CONVERSION = YES;
				CLANG_WARN_DEPRECATED_OBJC_IMPLEMENTATIONS = YES;
				CLANG_WARN_DIRECT_OBJC_ISA_USAGE = YES_ERROR;
				CLANG_WARN_DOCUMENTATION_COMMENTS = YES;
				CLANG_WARN_EMPTY_BODY = YES;
				CLANG_WARN_ENUM_CONVERSION = YES;
				CLANG_WARN_INFINITE_RECURSION = YES;
				CLANG_WARN_INT_CONVERSION = YES;
				CLANG_WARN_NON_LITERAL_NULL_CONVERSION = YES;
				CLANG_WARN_OBJC_IMPLICIT_RETAIN_SELF = YES;
				CLANG_WARN_OBJC_LITERAL_CONVERSION = YES;
				CLANG_WARN_OBJC_ROOT_CLASS = YES_ERROR;
				CLANG_WARN_RANGE_LOOP_ANALYSIS = YES;
				CLANG_WARN_STRICT_PROTOTYPES = YES;
				CLANG_WARN_SUSPICIOUS_MOVE = YES;
				CLANG_WARN_UNGUARDED_AVAILABILITY = YES_AGGRESSIVE;
				CLANG_WARN_UNREACHABLE_CODE = YES;
				CLANG_WARN__DUPLICATE_METHOD_MATCH = YES;
				COPY_PHASE_STRIP = NO;
				DEBUG_INFORMATION_FORMAT = dwarf;
				ENABLE_STRICT_OBJC_MSGSEND = YES;
				ENABLE_TESTABILITY = YES;
				GCC_C_LANGUAGE_STANDARD = gnu11;
				GCC_DYNAMIC_NO_PIC = NO;
				GCC_NO_COMMON_BLOCKS = YES;
				GCC_OPTIMIZATION_LEVEL = 0;
				GCC_PREPROCESSOR_DEFINITIONS = (
					"DEBUG=1",
					"$(inherited)",
				);
				GCC_WARN_64_TO_32_BIT_CONVERSION = YES;
				GCC_WARN_ABOUT_RETURN_TYPE = YES_ERROR;
				GCC_WARN_UNDECLARED_SELECTOR = YES;
				GCC_WARN_UNINITIALIZED_AUTOS = YES_AGGRESSIVE;
				GCC_WARN_UNUSED_FUNCTION = YES;
				GCC_WARN_UNUSED_VARIABLE = YES;
				IPHONEOS_DEPLOYMENT_TARGET = 9.3;
				MTL_ENABLE_DEBUG_INFO = INCLUDE_SOURCE;
				MTL_FAST_MATH = YES;
				ONLY_ACTIVE_ARCH = YES;
				SDKROOT = iphoneos;
				SWIFT_ACTIVE_COMPILATION_CONDITIONS = DEBUG;
				SWIFT_OPTIMIZATION_LEVEL = "-Onone";
			};
			name = Debug;
		};
		E295802025E3C78700D464A2 /* Release */ = {
			isa = XCBuildConfiguration;
			buildSettings = {
				ALWAYS_SEARCH_USER_PATHS = NO;
				CLANG_ANALYZER_NONNULL = YES;
				CLANG_ANALYZER_NUMBER_OBJECT_CONVERSION = YES_AGGRESSIVE;
				CLANG_CXX_LANGUAGE_STANDARD = "gnu++14";
				CLANG_CXX_LIBRARY = "libc++";
				CLANG_ENABLE_MODULES = YES;
				CLANG_ENABLE_OBJC_ARC = YES;
				CLANG_ENABLE_OBJC_WEAK = YES;
				CLANG_WARN_BLOCK_CAPTURE_AUTORELEASING = YES;
				CLANG_WARN_BOOL_CONVERSION = YES;
				CLANG_WARN_COMMA = YES;
				CLANG_WARN_CONSTANT_CONVERSION = YES;
				CLANG_WARN_DEPRECATED_OBJC_IMPLEMENTATIONS = YES;
				CLANG_WARN_DIRECT_OBJC_ISA_USAGE = YES_ERROR;
				CLANG_WARN_DOCUMENTATION_COMMENTS = YES;
				CLANG_WARN_EMPTY_BODY = YES;
				CLANG_WARN_ENUM_CONVERSION = YES;
				CLANG_WARN_INFINITE_RECURSION = YES;
				CLANG_WARN_INT_CONVERSION = YES;
				CLANG_WARN_NON_LITERAL_NULL_CONVERSION = YES;
				CLANG_WARN_OBJC_IMPLICIT_RETAIN_SELF = YES;
				CLANG_WARN_OBJC_LITERAL_CONVERSION = YES;
				CLANG_WARN_OBJC_ROOT_CLASS = YES_ERROR;
				CLANG_WARN_RANGE_LOOP_ANALYSIS = YES;
				CLANG_WARN_STRICT_PROTOTYPES = YES;
				CLANG_WARN_SUSPICIOUS_MOVE = YES;
				CLANG_WARN_UNGUARDED_AVAILABILITY = YES_AGGRESSIVE;
				CLANG_WARN_UNREACHABLE_CODE = YES;
				CLANG_WARN__DUPLICATE_METHOD_MATCH = YES;
				COPY_PHASE_STRIP = NO;
				DEBUG_INFORMATION_FORMAT = "dwarf-with-dsym";
				ENABLE_NS_ASSERTIONS = NO;
				ENABLE_STRICT_OBJC_MSGSEND = YES;
				GCC_C_LANGUAGE_STANDARD = gnu11;
				GCC_NO_COMMON_BLOCKS = YES;
				GCC_WARN_64_TO_32_BIT_CONVERSION = YES;
				GCC_WARN_ABOUT_RETURN_TYPE = YES_ERROR;
				GCC_WARN_UNDECLARED_SELECTOR = YES;
				GCC_WARN_UNINITIALIZED_AUTOS = YES_AGGRESSIVE;
				GCC_WARN_UNUSED_FUNCTION = YES;
				GCC_WARN_UNUSED_VARIABLE = YES;
				IPHONEOS_DEPLOYMENT_TARGET = 9.3;
				MTL_ENABLE_DEBUG_INFO = NO;
				MTL_FAST_MATH = YES;
				SDKROOT = iphoneos;
				SWIFT_COMPILATION_MODE = wholemodule;
				SWIFT_OPTIMIZATION_LEVEL = "-O";
				VALIDATE_PRODUCT = YES;
			};
			name = Release;
		};
		E295802225E3C78700D464A2 /* Debug */ = {
			isa = XCBuildConfiguration;
			buildSettings = {
				ASSETCATALOG_COMPILER_APPICON_NAME = AppIcon;
				CODE_SIGN_STYLE = Automatic;
				DEVELOPMENT_TEAM = 8T595WJ7W8;
				INFOPLIST_FILE = Psychologist/Info.plist;
				IPHONEOS_DEPLOYMENT_TARGET = 9.3;
				LD_RUNPATH_SEARCH_PATHS = (
					"$(inherited)",
					"@executable_path/Frameworks",
				);
				PRODUCT_BUNDLE_IDENTIFIER = com.alimovlex.Psychologist;
				PRODUCT_NAME = "$(TARGET_NAME)";
				SWIFT_VERSION = 5.0;
				TARGETED_DEVICE_FAMILY = "1,2";
			};
			name = Debug;
		};
		E295802325E3C78700D464A2 /* Release */ = {
			isa = XCBuildConfiguration;
			buildSettings = {
				ASSETCATALOG_COMPILER_APPICON_NAME = AppIcon;
				CODE_SIGN_STYLE = Automatic;
				DEVELOPMENT_TEAM = 8T595WJ7W8;
				INFOPLIST_FILE = Psychologist/Info.plist;
				IPHONEOS_DEPLOYMENT_TARGET = 9.3;
				LD_RUNPATH_SEARCH_PATHS = (
					"$(inherited)",
					"@executable_path/Frameworks",
				);
				PRODUCT_BUNDLE_IDENTIFIER = com.alimovlex.Psychologist;
				PRODUCT_NAME = "$(TARGET_NAME)";
				SWIFT_VERSION = 5.0;
				TARGETED_DEVICE_FAMILY = "1,2";
			};
			name = Release;
		};
/* End XCBuildConfiguration section */

/* Begin XCConfigurationList section */
		E295800825E3C78500D464A2 /* Build configuration list for PBXProject "Psychologist" */ = {
			isa = XCConfigurationList;
			buildConfigurations = (
				E295801F25E3C78700D464A2 /* Debug */,
				E295802025E3C78700D464A2 /* Release */,
			);
			defaultConfigurationIsVisible = 0;
			defaultConfigurationName = Release;
		};
		E295802125E3C78700D464A2 /* Build configuration list for PBXNativeTarget "Psychologist" */ = {
			isa = XCConfigurationList;
			buildConfigurations = (
				E295802225E3C78700D464A2 /* Debug */,
				E295802325E3C78700D464A2 /* Release */,
			);
			defaultConfigurationIsVisible = 0;
			defaultConfigurationName = Release;
		};
/* End XCConfigurationList section */
	};
	rootObject = E295800525E3C78500D464A2 /* Project object */;
}
